
Microsoft Visual Studio Solution File, Format Version 12.00
# Visual Studio Version 17
VisualStudioVersion = 17.5.002.0
MinimumVisualStudioVersion = 10.0.40219.1
Project("{9A19103F-16F7-4668-BE54-9A1E7A4F7556}") = "HelloWorld", "HelloWorld\HelloWorld.csproj", "{283750AD-A65A-4EB7-8F7C-0A8315C02770}"
EndProject
Global
	GlobalSection(SolutionConfigurationPlatforms) = preSolution
		Debug|Any CPU = Debug|Any CPU
		Release|Any CPU = Release|Any CPU
	EndGlobalSection
	GlobalSection(ProjectConfigurationPlatforms) = postSolution
		{283750AD-A65A-4EB7-8F7C-0A8315C02770}.Debug|Any CPU.ActiveCfg = Debug|Any CPU
		{283750AD-A65A-4EB7-8F7C-0A8315C02770}.Debug|Any CPU.Build.0 = Debug|Any CPU
		{283750AD-A65A-4EB7-8F7C-0A8315C02770}.Release|Any CPU.ActiveCfg = Release|Any CPU
		{283750AD-A65A-4EB7-8F7C-0A8315C02770}.Release|Any CPU.Build.0 = Release|Any CPU
	EndGlobalSection
	GlobalSection(SolutionProperties) = preSolution
		HideSolutionNode = FALSE
	EndGlobalSection
	GlobalSection(ExtensibilityGlobals) = postSolution
		SolutionGuid = {E8CB987A-F3E3-4CAF-B785-101EF17E5856}
	EndGlobalSection
EndGlobal
